
Microsoft Visual Studio Solution File, Format Version 12.00
# Visual Studio Version 16
VisualStudioVersion = 16.0.30804.86
MinimumVisualStudioVersion = 10.0.40219.1
Project("{FAE04EC0-301F-11D3-BF4B-00C04F79EFBC}") = "NescafeMachine", "NescafeMachine\NescafeMachine.csproj", "{F8E9B67A-DF56-4AA4-85EA-F9568E7F08EA}"
EndProject
Global
	GlobalSection(SolutionConfigurationPlatforms) = preSolution
		Debug|Any CPU = Debug|Any CPU
		Release|Any CPU = Release|Any CPU
	EndGlobalSection
	GlobalSection(ProjectConfigurationPlatforms) = postSolution
		{F8E9B67A-DF56-4AA4-85EA-F9568E7F08EA}.Debug|Any CPU.ActiveCfg = Debug|Any CPU
		{F8E9B67A-DF56-4AA4-85EA-F9568E7F08EA}.Debug|Any CPU.Build.0 = Debug|Any CPU
		{F8E9B67A-DF56-4AA4-85EA-F9568E7F08EA}.Release|Any CPU.ActiveCfg = Release|Any CPU
		{F8E9B67A-DF56-4AA4-85EA-F9568E7F08EA}.Release|Any CPU.Build.0 = Release|Any CPU
	EndGlobalSection
	GlobalSection(SolutionProperties) = preSolution
		HideSolutionNode = FALSE
	EndGlobalSection
	GlobalSection(ExtensibilityGlobals) = postSolution
		SolutionGuid = {87878070-F13F-48F8-B25E-8EF6D29B60D7}
	EndGlobalSection
EndGlobal
